
Microsoft Visual Studio Solution File, Format Version 10.00
# Visual Studio 2008
Project("{FAE04EC0-301F-11D3-BF4B-00C04F79EFBC}") = "NuevoAdicional", "NuevoAdicional\NuevoAdicional.csproj", "{6E5BAEF4-B52C-4255-8989-A4E2F43DE193}"
EndProject
Project("{FAE04EC0-301F-11D3-BF4B-00C04F79EFBC}") = "Adicional.Persistencia", "Persistencia\Adicional.Persistencia.csproj", "{7A8C1681-C321-4EF4-A971-92B0EDB1CCEB}"
EndProject
Project("{FAE04EC0-301F-11D3-BF4B-00C04F79EFBC}") = "Adicional.Entidades", "Adicional.Entidades\Adicional.Entidades.csproj", "{3A431CFE-DC2F-4626-AFEA-B8C71D0DB83F}"
EndProject
Project("{FAE04EC0-301F-11D3-BF4B-00C04F79EFBC}") = "Servicios.Cliente", "ServiciosCliente\Servicios.Cliente.csproj", "{204D4D74-E33F-47A3-BF2A-F3955E79128D}"
EndProject
Project("{FAE04EC0-301F-11D3-BF4B-00C04F79EFBC}") = "Servicios.Adicional", "Servicios.Adicional\Servicios.Adicional.csproj", "{C846CDE4-FDB4-4DC3-85D9-E1BBB952434D}"
EndProject
Project("{FAE04EC0-301F-11D3-BF4B-00C04F79EFBC}") = "PruebaServicioHost", "PruebaServicioHost\PruebaServicioHost.csproj", "{3B94EA92-C9CB-4349-A774-63AE983BCF87}"
EndProject
Project("{FAE04EC0-301F-11D3-BF4B-00C04F79EFBC}") = "Host", "PruebaCliente\Host.csproj", "{2544ED95-8DE0-498A-B77E-EDC6A2C3E00A}"
EndProject
Project("{FAE04EC0-301F-11D3-BF4B-00C04F79EFBC}") = "Configurador", "Configurador\Configurador.csproj", "{20FD89F3-E383-4C2C-BD0E-13BEEF348E6B}"
EndProject
Project("{FAE04EC0-301F-11D3-BF4B-00C04F79EFBC}") = "EmularRemoto", "EmularRemoto\EmularRemoto.csproj", "{FBE07350-27C6-449E-AF4D-9742F5C3C7A6}"
EndProject
Project("{FAE04EC0-301F-11D3-BF4B-00C04F79EFBC}") = "ServiciosAdicionalMovil", "ServiciosAdicionalMovil\ServiciosAdicionalMovil.csproj", "{06788EE5-0DD1-4B31-9CBD-0752BE79E1EB}"
EndProject
Project("{2150E333-8FDC-42A3-9474-1A3956D46DE8}") = "Instalador", "Instalador", "{E0032008-9EA1-4FA6-871C-F157B1DD8631}"
EndProject
Project("{FAE04EC0-301F-11D3-BF4B-00C04F79EFBC}") = "SetupNuevoAdicional", "SetupNuevoAdicional\SetupNuevoAdicional.csproj", "{A17BE3B6-CA6B-4FFE-877A-C449739C125A}"
EndProject
Project("{FAE04EC0-301F-11D3-BF4B-00C04F79EFBC}") = "UnistallNuevoAdicional", "UnistallNuevoAdicional\UnistallNuevoAdicional.csproj", "{E5A68797-3E65-4D38-90E4-67420ADEF2EC}"
EndProject
Project("{FAE04EC0-301F-11D3-BF4B-00C04F79EFBC}") = "SetupHostAdicional", "SetupHostAdicional\SetupHostAdicional.csproj", "{0042B55A-874F-492E-BBAC-09E97DA89E04}"
EndProject
Project("{FAE04EC0-301F-11D3-BF4B-00C04F79EFBC}") = "Consola", "Consola\Consola.csproj", "{55C79F59-B6A1-4C1D-BEDE-534F20C98AC6}"
EndProject
Project("{2150E333-8FDC-42A3-9474-1A3956D46DE8}") = "Host", "Host", "{F01959F4-CBB4-42FF-AFC1-CE9795D027A1}"
EndProject
Project("{2150E333-8FDC-42A3-9474-1A3956D46DE8}") = "Cliente", "Cliente", "{11527AE3-199E-4578-BC6D-9D121486828E}"
EndProject
Project("{2150E333-8FDC-42A3-9474-1A3956D46DE8}") = "Web", "Web", "{B0BEC996-558E-485E-B428-394450E78831}"
EndProject
Project("{2150E333-8FDC-42A3-9474-1A3956D46DE8}") = "Tools", "Tools", "{2A1C41BE-5ECA-4625-8F41-2FCFA0DA3597}"
EndProject
Project("{2150E333-8FDC-42A3-9474-1A3956D46DE8}") = "Cliente", "Cliente", "{E549CC9E-B5B8-489A-BFD7-2DA6DA7E520F}"
EndProject
Project("{FAE04EC0-301F-11D3-BF4B-00C04F79EFBC}") = "Adicional.Proveedor", "Adicional.Proveedor\Adicional.Proveedor.csproj", "{17043977-F888-4745-A408-565DB8DAB846}"
EndProject
Global
	GlobalSection(TestCaseManagementSettings) = postSolution
		CategoryFile = MasterFACELE1.vsmdi
	EndGlobalSection
	GlobalSection(SolutionConfigurationPlatforms) = preSolution
		Debug|Any CPU = Debug|Any CPU
		Release|Any CPU = Release|Any CPU
	EndGlobalSection
	GlobalSection(ProjectConfigurationPlatforms) = postSolution
		{6E5BAEF4-B52C-4255-8989-A4E2F43DE193}.Debug|Any CPU.ActiveCfg = Debug|Any CPU
		{6E5BAEF4-B52C-4255-8989-A4E2F43DE193}.Release|Any CPU.ActiveCfg = Release|Any CPU
		{6E5BAEF4-B52C-4255-8989-A4E2F43DE193}.Release|Any CPU.Build.0 = Release|Any CPU
		{7A8C1681-C321-4EF4-A971-92B0EDB1CCEB}.Debug|Any CPU.ActiveCfg = Debug|Any CPU
		{7A8C1681-C321-4EF4-A971-92B0EDB1CCEB}.Release|Any CPU.ActiveCfg = Release|Any CPU
		{7A8C1681-C321-4EF4-A971-92B0EDB1CCEB}.Release|Any CPU.Build.0 = Release|Any CPU
		{3A431CFE-DC2F-4626-AFEA-B8C71D0DB83F}.Debug|Any CPU.ActiveCfg = Debug|Any CPU
		{3A431CFE-DC2F-4626-AFEA-B8C71D0DB83F}.Release|Any CPU.ActiveCfg = Release|Any CPU
		{3A431CFE-DC2F-4626-AFEA-B8C71D0DB83F}.Release|Any CPU.Build.0 = Release|Any CPU
		{204D4D74-E33F-47A3-BF2A-F3955E79128D}.Debug|Any CPU.ActiveCfg = Debug|Any CPU
		{204D4D74-E33F-47A3-BF2A-F3955E79128D}.Release|Any CPU.ActiveCfg = Release|Any CPU
		{204D4D74-E33F-47A3-BF2A-F3955E79128D}.Release|Any CPU.Build.0 = Release|Any CPU
		{C846CDE4-FDB4-4DC3-85D9-E1BBB952434D}.Debug|Any CPU.ActiveCfg = Debug|Any CPU
		{C846CDE4-FDB4-4DC3-85D9-E1BBB952434D}.Release|Any CPU.ActiveCfg = Release|Any CPU
		{C846CDE4-FDB4-4DC3-85D9-E1BBB952434D}.Release|Any CPU.Build.0 = Release|Any CPU
		{3B94EA92-C9CB-4349-A774-63AE983BCF87}.Debug|Any CPU.ActiveCfg = Debug|Any CPU
		{3B94EA92-C9CB-4349-A774-63AE983BCF87}.Debug|Any CPU.Build.0 = Debug|Any CPU
		{3B94EA92-C9CB-4349-A774-63AE983BCF87}.Release|Any CPU.ActiveCfg = Release|Any CPU
		{3B94EA92-C9CB-4349-A774-63AE983BCF87}.Release|Any CPU.Build.0 = Release|Any CPU
		{2544ED95-8DE0-498A-B77E-EDC6A2C3E00A}.Debug|Any CPU.ActiveCfg = Debug|Any CPU
		{2544ED95-8DE0-498A-B77E-EDC6A2C3E00A}.Release|Any CPU.ActiveCfg = Release|Any CPU
		{2544ED95-8DE0-498A-B77E-EDC6A2C3E00A}.Release|Any CPU.Build.0 = Release|Any CPU
		{20FD89F3-E383-4C2C-BD0E-13BEEF348E6B}.Debug|Any CPU.ActiveCfg = Debug|Any CPU
		{20FD89F3-E383-4C2C-BD0E-13BEEF348E6B}.Release|Any CPU.ActiveCfg = Release|Any CPU
		{20FD89F3-E383-4C2C-BD0E-13BEEF348E6B}.Release|Any CPU.Build.0 = Release|Any CPU
		{FBE07350-27C6-449E-AF4D-9742F5C3C7A6}.Debug|Any CPU.ActiveCfg = Debug|Any CPU
		{FBE07350-27C6-449E-AF4D-9742F5C3C7A6}.Debug|Any CPU.Build.0 = Debug|Any CPU
		{FBE07350-27C6-449E-AF4D-9742F5C3C7A6}.Release|Any CPU.ActiveCfg = Release|Any CPU
		{FBE07350-27C6-449E-AF4D-9742F5C3C7A6}.Release|Any CPU.Build.0 = Release|Any CPU
		{06788EE5-0DD1-4B31-9CBD-0752BE79E1EB}.Debug|Any CPU.ActiveCfg = Debug|Any CPU
		{06788EE5-0DD1-4B31-9CBD-0752BE79E1EB}.Release|Any CPU.ActiveCfg = Release|Any CPU
		{06788EE5-0DD1-4B31-9CBD-0752BE79E1EB}.Release|Any CPU.Build.0 = Release|Any CPU
		{A17BE3B6-CA6B-4FFE-877A-C449739C125A}.Debug|Any CPU.ActiveCfg = Debug|Any CPU
		{A17BE3B6-CA6B-4FFE-877A-C449739C125A}.Release|Any CPU.ActiveCfg = Release|Any CPU
		{A17BE3B6-CA6B-4FFE-877A-C449739C125A}.Release|Any CPU.Build.0 = Release|Any CPU
		{E5A68797-3E65-4D38-90E4-67420ADEF2EC}.Debug|Any CPU.ActiveCfg = Debug|Any CPU
		{E5A68797-3E65-4D38-90E4-67420ADEF2EC}.Release|Any CPU.ActiveCfg = Release|Any CPU
		{E5A68797-3E65-4D38-90E4-67420ADEF2EC}.Release|Any CPU.Build.0 = Release|Any CPU
		{0042B55A-874F-492E-BBAC-09E97DA89E04}.Debug|Any CPU.ActiveCfg = Debug|Any CPU
		{0042B55A-874F-492E-BBAC-09E97DA89E04}.Release|Any CPU.ActiveCfg = Release|Any CPU
		{0042B55A-874F-492E-BBAC-09E97DA89E04}.Release|Any CPU.Build.0 = Release|Any CPU
		{55C79F59-B6A1-4C1D-BEDE-534F20C98AC6}.Debug|Any CPU.ActiveCfg = Debug|Any CPU
		{55C79F59-B6A1-4C1D-BEDE-534F20C98AC6}.Release|Any CPU.ActiveCfg = Release|Any CPU
		{55C79F59-B6A1-4C1D-BEDE-534F20C98AC6}.Release|Any CPU.Build.0 = Release|Any CPU
		{17043977-F888-4745-A408-565DB8DAB846}.Debug|Any CPU.ActiveCfg = Debug|Any CPU
		{17043977-F888-4745-A408-565DB8DAB846}.Release|Any CPU.ActiveCfg = Release|Any CPU
		{17043977-F888-4745-A408-565DB8DAB846}.Release|Any CPU.Build.0 = Release|Any CPU
	EndGlobalSection
	GlobalSection(SolutionProperties) = preSolution
		HideSolutionNode = FALSE
	EndGlobalSection
	GlobalSection(NestedProjects) = preSolution
		{6E5BAEF4-B52C-4255-8989-A4E2F43DE193} = {11527AE3-199E-4578-BC6D-9D121486828E}
		{E549CC9E-B5B8-489A-BFD7-2DA6DA7E520F} = {F01959F4-CBB4-42FF-AFC1-CE9795D027A1}
		{204D4D74-E33F-47A3-BF2A-F3955E79128D} = {F01959F4-CBB4-42FF-AFC1-CE9795D027A1}
		{C846CDE4-FDB4-4DC3-85D9-E1BBB952434D} = {F01959F4-CBB4-42FF-AFC1-CE9795D027A1}
		{2544ED95-8DE0-498A-B77E-EDC6A2C3E00A} = {F01959F4-CBB4-42FF-AFC1-CE9795D027A1}
		{55C79F59-B6A1-4C1D-BEDE-534F20C98AC6} = {F01959F4-CBB4-42FF-AFC1-CE9795D027A1}
		{7A8C1681-C321-4EF4-A971-92B0EDB1CCEB} = {F01959F4-CBB4-42FF-AFC1-CE9795D027A1}
		{3A431CFE-DC2F-4626-AFEA-B8C71D0DB83F} = {E549CC9E-B5B8-489A-BFD7-2DA6DA7E520F}
		{17043977-F888-4745-A408-565DB8DAB846} = {E549CC9E-B5B8-489A-BFD7-2DA6DA7E520F}
		{20FD89F3-E383-4C2C-BD0E-13BEEF348E6B} = {2A1C41BE-5ECA-4625-8F41-2FCFA0DA3597}
		{FBE07350-27C6-449E-AF4D-9742F5C3C7A6} = {2A1C41BE-5ECA-4625-8F41-2FCFA0DA3597}
		{3B94EA92-C9CB-4349-A774-63AE983BCF87} = {2A1C41BE-5ECA-4625-8F41-2FCFA0DA3597}
		{06788EE5-0DD1-4B31-9CBD-0752BE79E1EB} = {B0BEC996-558E-485E-B428-394450E78831}
		{A17BE3B6-CA6B-4FFE-877A-C449739C125A} = {E0032008-9EA1-4FA6-871C-F157B1DD8631}
		{E5A68797-3E65-4D38-90E4-67420ADEF2EC} = {E0032008-9EA1-4FA6-871C-F157B1DD8631}
		{0042B55A-874F-492E-BBAC-09E97DA89E04} = {E0032008-9EA1-4FA6-871C-F157B1DD8631}
	EndGlobalSection
EndGlobal
